// !$*UTF8*$!
{
	archiveVersion = 1;
	classes = {
	};
	objectVersion = 48;
	objects = {

/* Begin PBXBuildFile section */
		CAFBA0FA2087C9C300B931B8 /* AppDelegate.m in Sources */ = {isa = PBXBuildFile; fileRef = CAFBA0F92087C9C300B931B8 /* AppDelegate.m */; };
		CAFBA0FD2087C9C300B931B8 /* ViewController.m in Sources */ = {isa = PBXBuildFile; fileRef = CAFBA0FC2087C9C300B931B8 /* ViewController.m */; };
		CAFBA1002087C9C300B931B8 /* Main.storyboard in Resources */ = {isa = PBXBuildFile; fileRef = CAFBA0FE2087C9C300B931B8 /* Main.storyboard */; };
		CAFBA1022087C9C300B931B8 /* Assets.xcassets in Resources */ = {isa = PBXBuildFile; fileRef = CAFBA1012087C9C300B931B8 /* Assets.xcassets */; };
		CAFBA1052087C9C300B931B8 /* LaunchScreen.storyboard in Resources */ = {isa = PBXBuildFile; fileRef = CAFBA1032087C9C300B931B8 /* LaunchScreen.storyboard */; };
		CAFBA1082087C9C300B931B8 /* main.m in Sources */ = {isa = PBXBuildFile; fileRef = CAFBA1072087C9C300B931B8 /* main.m */; };
		CAFBA1202087D01E00B931B8 /* cursed_chalice.jpg in Resources */ = {isa = PBXBuildFile; fileRef = CAFBA1112087D01C00B931B8 /* cursed_chalice.jpg */; };
		CAFBA1212087D01E00B931B8 /* generator.jpg in Resources */ = {isa = PBXBuildFile; fileRef = CAFBA1122087D01C00B931B8 /* generator.jpg */; };
		CAFBA1222087D01E00B931B8 /* secret_passage.jpg in Resources */ = {isa = PBXBuildFile; fileRef = CAFBA1132087D01C00B931B8 /* secret_passage.jpg */; };
		CAFBA1232087D01E00B931B8 /* bathroom.jpg in Resources */ = {isa = PBXBuildFile; fileRef = CAFBA1142087D01C00B931B8 /* bathroom.jpg */; };
		CAFBA1242087D01E00B931B8 /* labratory.jpg in Resources */ = {isa = PBXBuildFile; fileRef = CAFBA1152087D01D00B931B8 /* labratory.jpg */; };
		CAFBA1252087D01E00B931B8 /* kitchen.jpg in Resources */ = {isa = PBXBuildFile; fileRef = CAFBA1162087D01D00B931B8 /* kitchen.jpg */; };
		CAFBA1262087D01E00B931B8 /* back_porch.jpg in Resources */ = {isa = PBXBuildFile; fileRef = CAFBA1172087D01D00B931B8 /* back_porch.jpg */; };
		CAFBA1272087D01E00B931B8 /* library.jpg in Resources */ = {isa = PBXBuildFile; fileRef = CAFBA1182087D01D00B931B8 /* library.jpg */; };
		CAFBA1282087D01E00B931B8 /* dungeon.jpg in Resources */ = {isa = PBXBuildFile; fileRef = CAFBA1192087D01D00B931B8 /* dungeon.jpg */; };
		CAFBA1292087D01E00B931B8 /* front_door.jpg in Resources */ = {isa = PBXBuildFile; fileRef = CAFBA11A2087D01D00B931B8 /* front_door.jpg */; };
		CAFBA12A2087D01E00B931B8 /* stairs_up.jpg in Resources */ = {isa = PBXBuildFile; fileRef = CAFBA11B2087D01D00B931B8 /* stairs_up.jpg */; };
		CAFBA12B2087D01E00B931B8 /* dining_room.jpg in Resources */ = {isa = PBXBuildFile; fileRef = CAFBA11C2087D01D00B931B8 /* dining_room.jpg */; };
		CAFBA12C2087D01E00B931B8 /* mysterious_lake.jpg in Resources */ = {isa = PBXBuildFile; fileRef = CAFBA11D2087D01E00B931B8 /* mysterious_lake.jpg */; };
		CAFBA12D2087D01E00B931B8 /* coat_room.jpg in Resources */ = {isa = PBXBuildFile; fileRef = CAFBA11E2087D01E00B931B8 /* coat_room.jpg */; };
		CAFBA12E2087D01E00B931B8 /* bedroom.jpg in Resources */ = {isa = PBXBuildFile; fileRef = CAFBA11F2087D01E00B931B8 /* bedroom.jpg */; };
		CAFBA1312087D0A800B931B8 /* CustomViewController.m in Sources */ = {isa = PBXBuildFile; fileRef = CAFBA1302087D0A800B931B8 /* CustomViewController.m */; };
/* End PBXBuildFile section */

/* Begin PBXFileReference section */
		CAFBA0F52087C9C300B931B8 /* Entering a House.app */ = {isa = PBXFileReference; explicitFileType = wrapper.application; includeInIndex = 0; path = "Entering a House.app"; sourceTree = BUILT_PRODUCTS_DIR; };
		CAFBA0F82087C9C300B931B8 /* AppDelegate.h */ = {isa = PBXFileReference; lastKnownFileType = sourcecode.c.h; path = AppDelegate.h; sourceTree = "<group>"; };
		CAFBA0F92087C9C300B931B8 /* AppDelegate.m */ = {isa = PBXFileReference; lastKnownFileType = sourcecode.c.objc; path = AppDelegate.m; sourceTree = "<group>"; };
		CAFBA0FB2087C9C300B931B8 /* ViewController.h */ = {isa = PBXFileReference; lastKnownFileType = sourcecode.c.h; path = ViewController.h; sourceTree = "<group>"; };
		CAFBA0FC2087C9C300B931B8 /* ViewController.m */ = {isa = PBXFileReference; lastKnownFileType = sourcecode.c.objc; path = ViewController.m; sourceTree = "<group>"; };
		CAFBA0FF2087C9C300B931B8 /* Base */ = {isa = PBXFileReference; lastKnownFileType = file.storyboard; name = Base; path = Base.lproj/Main.storyboard; sourceTree = "<group>"; };
		CAFBA1012087C9C300B931B8 /* Assets.xcassets */ = {isa = PBXFileReference; lastKnownFileType = folder.assetcatalog; path = Assets.xcassets; sourceTree = "<group>"; };
		CAFBA1042087C9C300B931B8 /* Base */ = {isa = PBXFileReference; lastKnownFileType = file.storyboard; name = Base; path = Base.lproj/LaunchScreen.storyboard; sourceTree = "<group>"; };
		CAFBA1062087C9C300B931B8 /* Info.plist */ = {isa = PBXFileReference; lastKnownFileType = text.plist.xml; path = Info.plist; sourceTree = "<group>"; };
		CAFBA1072087C9C300B931B8 /* main.m */ = {isa = PBXFileReference; lastKnownFileType = sourcecode.c.objc; path = main.m; sourceTree = "<group>"; };
		CAFBA1112087D01C00B931B8 /* cursed_chalice.jpg */ = {isa = PBXFileReference; lastKnownFileType = image.jpeg; path = cursed_chalice.jpg; sourceTree = "<group>"; };
		CAFBA1122087D01C00B931B8 /* generator.jpg */ = {isa = PBXFileReference; lastKnownFileType = image.jpeg; path = generator.jpg; sourceTree = "<group>"; };
		CAFBA1132087D01C00B931B8 /* secret_passage.jpg */ = {isa = PBXFileReference; lastKnownFileType = image.jpeg; path = secret_passage.jpg; sourceTree = "<group>"; };
		CAFBA1142087D01C00B931B8 /* bathroom.jpg */ = {isa = PBXFileReference; lastKnownFileType = image.jpeg; path = bathroom.jpg; sourceTree = "<group>"; };
		CAFBA1152087D01D00B931B8 /* labratory.jpg */ = {isa = PBXFileReference; lastKnownFileType = image.jpeg; path = labratory.jpg; sourceTree = "<group>"; };
		CAFBA1162087D01D00B931B8 /* kitchen.jpg */ = {isa = PBXFileReference; lastKnownFileType = image.jpeg; path = kitchen.jpg; sourceTree = "<group>"; };
		CAFBA1172087D01D00B931B8 /* back_porch.jpg */ = {isa = PBXFileReference; lastKnownFileType = image.jpeg; path = back_porch.jpg; sourceTree = "<group>"; };
		CAFBA1182087D01D00B931B8 /* library.jpg */ = {isa = PBXFileReference; lastKnownFileType = image.jpeg; path = library.jpg; sourceTree = "<group>"; };
		CAFBA1192087D01D00B931B8 /* dungeon.jpg */ = {isa = PBXFileReference; lastKnownFileType = image.jpeg; path = dungeon.jpg; sourceTree = "<group>"; };
		CAFBA11A2087D01D00B931B8 /* front_door.jpg */ = {isa = PBXFileReference; lastKnownFileType = image.jpeg; path = front_door.jpg; sourceTree = "<group>"; };
		CAFBA11B2087D01D00B931B8 /* stairs_up.jpg */ = {isa = PBXFileReference; lastKnownFileType = image.jpeg; path = stairs_up.jpg; sourceTree = "<group>"; };
		CAFBA11C2087D01D00B931B8 /* dining_room.jpg */ = {isa = PBXFileReference; lastKnownFileType = image.jpeg; path = dining_room.jpg; sourceTree = "<group>"; };
		CAFBA11D2087D01E00B931B8 /* mysterious_lake.jpg */ = {isa = PBXFileReference; lastKnownFileType = image.jpeg; path = mysterious_lake.jpg; sourceTree = "<group>"; };
		CAFBA11E2087D01E00B931B8 /* coat_room.jpg */ = {isa = PBXFileReference; lastKnownFileType = image.jpeg; path = coat_room.jpg; sourceTree = "<group>"; };
		CAFBA11F2087D01E00B931B8 /* bedroom.jpg */ = {isa = PBXFileReference; lastKnownFileType = image.jpeg; path = bedroom.jpg; sourceTree = "<group>"; };
		CAFBA12F2087D0A800B931B8 /* CustomViewController.h */ = {isa = PBXFileReference; lastKnownFileType = sourcecode.c.h; path = CustomViewController.h; sourceTree = "<group>"; };
		CAFBA1302087D0A800B931B8 /* CustomViewController.m */ = {isa = PBXFileReference; lastKnownFileType = sourcecode.c.objc; path = CustomViewController.m; sourceTree = "<group>"; };
/* End PBXFileReference section */

/* Begin PBXFrameworksBuildPhase section */
		CAFBA0F22087C9C300B931B8 /* Frameworks */ = {
			isa = PBXFrameworksBuildPhase;
			buildActionMask = 2147483647;
			files = (
			);
			runOnlyForDeploymentPostprocessing = 0;
		};
/* End PBXFrameworksBuildPhase section */

/* Begin PBXGroup section */
		CAFBA0EC2087C9C300B931B8 = {
			isa = PBXGroup;
			children = (
				CAFBA0F72087C9C300B931B8 /* Entering a House */,
				CAFBA0F62087C9C300B931B8 /* Products */,
			);
			sourceTree = "<group>";
		};
		CAFBA0F62087C9C300B931B8 /* Products */ = {
			isa = PBXGroup;
			children = (
				CAFBA0F52087C9C300B931B8 /* Entering a House.app */,
			);
			name = Products;
			sourceTree = "<group>";
		};
		CAFBA0F72087C9C300B931B8 /* Entering a House */ = {
			isa = PBXGroup;
			children = (
				CAFBA12F2087D0A800B931B8 /* CustomViewController.h */,
				CAFBA1302087D0A800B931B8 /* CustomViewController.m */,
				CAFBA1102087D00A00B931B8 /* Images */,
				CAFBA0F82087C9C300B931B8 /* AppDelegate.h */,
				CAFBA0F92087C9C300B931B8 /* AppDelegate.m */,
				CAFBA0FB2087C9C300B931B8 /* ViewController.h */,
				CAFBA0FC2087C9C300B931B8 /* ViewController.m */,
				CAFBA0FE2087C9C300B931B8 /* Main.storyboard */,
				CAFBA1012087C9C300B931B8 /* Assets.xcassets */,
				CAFBA1032087C9C300B931B8 /* LaunchScreen.storyboard */,
				CAFBA1062087C9C300B931B8 /* Info.plist */,
				CAFBA1072087C9C300B931B8 /* main.m */,
			);
			path = "Entering a House";
			sourceTree = "<group>";
		};
		CAFBA1102087D00A00B931B8 /* Images */ = {
			isa = PBXGroup;
			children = (
				CAFBA1172087D01D00B931B8 /* back_porch.jpg */,
				CAFBA1142087D01C00B931B8 /* bathroom.jpg */,
				CAFBA11F2087D01E00B931B8 /* bedroom.jpg */,
				CAFBA11E2087D01E00B931B8 /* coat_room.jpg */,
				CAFBA1112087D01C00B931B8 /* cursed_chalice.jpg */,
				CAFBA11C2087D01D00B931B8 /* dining_room.jpg */,
				CAFBA1192087D01D00B931B8 /* dungeon.jpg */,
				CAFBA11A2087D01D00B931B8 /* front_door.jpg */,
				CAFBA1122087D01C00B931B8 /* generator.jpg */,
				CAFBA1162087D01D00B931B8 /* kitchen.jpg */,
				CAFBA1152087D01D00B931B8 /* labratory.jpg */,
				CAFBA1182087D01D00B931B8 /* library.jpg */,
				CAFBA11D2087D01E00B931B8 /* mysterious_lake.jpg */,
				CAFBA1132087D01C00B931B8 /* secret_passage.jpg */,
				CAFBA11B2087D01D00B931B8 /* stairs_up.jpg */,
			);
			name = Images;
			path = "New Group";
			sourceTree = "<group>";
		};
/* End PBXGroup section */

/* Begin PBXNativeTarget section */
		CAFBA0F42087C9C300B931B8 /* Entering a House */ = {
			isa = PBXNativeTarget;
			buildConfigurationList = CAFBA10B2087C9C300B931B8 /* Build configuration list for PBXNativeTarget "Entering a House" */;
			buildPhases = (
				CAFBA0F12087C9C300B931B8 /* Sources */,
				CAFBA0F22087C9C300B931B8 /* Frameworks */,
				CAFBA0F32087C9C300B931B8 /* Resources */,
			);
			buildRules = (
			);
			dependencies = (
			);
			name = "Entering a House";
			productName = "Entering a House";
			productReference = CAFBA0F52087C9C300B931B8 /* Entering a House.app */;
			productType = "com.apple.product-type.application";
		};
/* End PBXNativeTarget section */

/* Begin PBXProject section */
		CAFBA0ED2087C9C300B931B8 /* Project object */ = {
			isa = PBXProject;
			attributes = {
				LastUpgradeCheck = 0920;
				ORGANIZATIONNAME = "Alejandro Zielinsky";
				TargetAttributes = {
					CAFBA0F42087C9C300B931B8 = {
						CreatedOnToolsVersion = 9.2;
						ProvisioningStyle = Automatic;
					};
				};
			};
			buildConfigurationList = CAFBA0F02087C9C300B931B8 /* Build configuration list for PBXProject "Entering a House" */;
			compatibilityVersion = "Xcode 8.0";
			developmentRegion = en;
			hasScannedForEncodings = 0;
			knownRegions = (
				en,
				Base,
			);
			mainGroup = CAFBA0EC2087C9C300B931B8;
			productRefGroup = CAFBA0F62087C9C300B931B8 /* Products */;
			projectDirPath = "";
			projectRoot = "";
			targets = (
				CAFBA0F42087C9C300B931B8 /* Entering a House */,
			);
		};
/* End PBXProject section */

/* Begin PBXResourcesBuildPhase section */
		CAFBA0F32087C9C300B931B8 /* Resources */ = {
			isa = PBXResourcesBuildPhase;
			buildActionMask = 2147483647;
			files = (
				CAFBA1222087D01E00B931B8 /* secret_passage.jpg in Resources */,
				CAFBA1052087C9C300B931B8 /* LaunchScreen.storyboard in Resources */,
				CAFBA12B2087D01E00B931B8 /* dining_room.jpg in Resources */,
				CAFBA12C2087D01E00B931B8 /* mysterious_lake.jpg in Resources */,
				CAFBA12D2087D01E00B931B8 /* coat_room.jpg in Resources */,
				CAFBA1262087D01E00B931B8 /* back_porch.jpg in Resources */,
				CAFBA1202087D01E00B931B8 /* cursed_chalice.jpg in Resources */,
				CAFBA1252087D01E00B931B8 /* kitchen.jpg in Resources */,
				CAFBA1022087C9C300B931B8 /* Assets.xcassets in Resources */,
				CAFBA1272087D01E00B931B8 /* library.jpg in Resources */,
				CAFBA1242087D01E00B931B8 /* labratory.jpg in Resources */,
				CAFBA1292087D01E00B931B8 /* front_door.jpg in Resources */,
				CAFBA1002087C9C300B931B8 /* Main.storyboard in Resources */,
				CAFBA12E2087D01E00B931B8 /* bedroom.jpg in Resources */,
				CAFBA1282087D01E00B931B8 /* dungeon.jpg in Resources */,
				CAFBA12A2087D01E00B931B8 /* stairs_up.jpg in Resources */,
				CAFBA1212087D01E00B931B8 /* generator.jpg in Resources */,
				CAFBA1232087D01E00B931B8 /* bathroom.jpg in Resources */,
			);
			runOnlyForDeploymentPostprocessing = 0;
		};
/* End PBXResourcesBuildPhase section */

/* Begin PBXSourcesBuildPhase section */
		CAFBA0F12087C9C300B931B8 /* Sources */ = {
			isa = PBXSourcesBuildPhase;
			buildActionMask = 2147483647;
			files = (
				CAFBA0FD2087C9C300B931B8 /* ViewController.m in Sources */,
				CAFBA1082087C9C300B931B8 /* main.m in Sources */,
				CAFBA0FA2087C9C300B931B8 /* AppDelegate.m in Sources */,
				CAFBA1312087D0A800B931B8 /* CustomViewController.m in Sources */,
			);
			runOnlyForDeploymentPostprocessing = 0;
		};
/* End PBXSourcesBuildPhase section */

/* Begin PBXVariantGroup section */
		CAFBA0FE2087C9C300B931B8 /* Main.storyboard */ = {
			isa = PBXVariantGroup;
			children = (
				CAFBA0FF2087C9C300B931B8 /* Base */,
			);
			name = Main.storyboard;
			sourceTree = "<group>";
		};
		CAFBA1032087C9C300B931B8 /* LaunchScreen.storyboard */ = {
			isa = PBXVariantGroup;
			children = (
				CAFBA1042087C9C300B931B8 /* Base */,
			);
			name = LaunchScreen.storyboard;
			sourceTree = "<group>";
		};
/* End PBXVariantGroup section */

/* Begin XCBuildConfiguration section */
		CAFBA1092087C9C300B931B8 /* Debug */ = {
			isa = XCBuildConfiguration;
			buildSettings = {
				ALWAYS_SEARCH_USER_PATHS = NO;
				CLANG_ANALYZER_NONNULL = YES;
				CLANG_ANALYZER_NUMBER_OBJECT_CONVERSION = YES_AGGRESSIVE;
				CLANG_CXX_LANGUAGE_STANDARD = "gnu++14";
				CLANG_CXX_LIBRARY = "libc++";
				CLANG_ENABLE_MODULES = YES;
				CLANG_ENABLE_OBJC_ARC = YES;
				CLANG_WARN_BLOCK_CAPTURE_AUTORELEASING = YES;
				CLANG_WARN_BOOL_CONVERSION = YES;
				CLANG_WARN_COMMA = YES;
				CLANG_WARN_CONSTANT_CONVERSION = YES;
				CLANG_WARN_DIRECT_OBJC_ISA_USAGE = YES_ERROR;
				CLANG_WARN_DOCUMENTATION_COMMENTS = YES;
				CLANG_WARN_EMPTY_BODY = YES;
				CLANG_WARN_ENUM_CONVERSION = YES;
				CLANG_WARN_INFINITE_RECURSION = YES;
				CLANG_WARN_INT_CONVERSION = YES;
				CLANG_WARN_NON_LITERAL_NULL_CONVERSION = YES;
				CLANG_WARN_OBJC_LITERAL_CONVERSION = YES;
				CLANG_WARN_OBJC_ROOT_CLASS = YES_ERROR;
				CLANG_WARN_RANGE_LOOP_ANALYSIS = YES;
				CLANG_WARN_STRICT_PROTOTYPES = YES;
				CLANG_WARN_SUSPICIOUS_MOVE = YES;
				CLANG_WARN_UNGUARDED_AVAILABILITY = YES_AGGRESSIVE;
				CLANG_WARN_UNREACHABLE_CODE = YES;
				CLANG_WARN__DUPLICATE_METHOD_MATCH = YES;
				CODE_SIGN_IDENTITY = "iPhone Developer";
				COPY_PHASE_STRIP = NO;
				DEBUG_INFORMATION_FORMAT = dwarf;
				ENABLE_STRICT_OBJC_MSGSEND = YES;
				ENABLE_TESTABILITY = YES;
				GCC_C_LANGUAGE_STANDARD = gnu11;
				GCC_DYNAMIC_NO_PIC = NO;
				GCC_NO_COMMON_BLOCKS = YES;
				GCC_OPTIMIZATION_LEVEL = 0;
				GCC_PREPROCESSOR_DEFINITIONS = (
					"DEBUG=1",
					"$(inherited)",
				);
				GCC_WARN_64_TO_32_BIT_CONVERSION = YES;
				GCC_WARN_ABOUT_RETURN_TYPE = YES_ERROR;
				GCC_WARN_UNDECLARED_SELECTOR = YES;
				GCC_WARN_UNINITIALIZED_AUTOS = YES_AGGRESSIVE;
				GCC_WARN_UNUSED_FUNCTION = YES;
				GCC_WARN_UNUSED_VARIABLE = YES;
				IPHONEOS_DEPLOYMENT_TARGET = 11.2;
				MTL_ENABLE_DEBUG_INFO = YES;
				ONLY_ACTIVE_ARCH = YES;
				SDKROOT = iphoneos;
			};
			name = Debug;
		};
		CAFBA10A2087C9C300B931B8 /* Release */ = {
			isa = XCBuildConfiguration;
			buildSettings = {
				ALWAYS_SEARCH_USER_PATHS = NO;
				CLANG_ANALYZER_NONNULL = YES;
				CLANG_ANALYZER_NUMBER_OBJECT_CONVERSION = YES_AGGRESSIVE;
				CLANG_CXX_LANGUAGE_STANDARD = "gnu++14";
				CLANG_CXX_LIBRARY = "libc++";
				CLANG_ENABLE_MODULES = YES;
				CLANG_ENABLE_OBJC_ARC = YES;
				CLANG_WARN_BLOCK_CAPTURE_AUTORELEASING = YES;
				CLANG_WARN_BOOL_CONVERSION = YES;
				CLANG_WARN_COMMA = YES;
				CLANG_WARN_CONSTANT_CONVERSION = YES;
				CLANG_WARN_DIRECT_OBJC_ISA_USAGE = YES_ERROR;
				CLANG_WARN_DOCUMENTATION_COMMENTS = YES;
				CLANG_WARN_EMPTY_BODY = YES;
				CLANG_WARN_ENUM_CONVERSION = YES;
				CLANG_WARN_INFINITE_RECURSION = YES;
				CLANG_WARN_INT_CONVERSION = YES;
				CLANG_WARN_NON_LITERAL_NULL_CONVERSION = YES;
				CLANG_WARN_OBJC_LITERAL_CONVERSION = YES;
				CLANG_WARN_OBJC_ROOT_CLASS = YES_ERROR;
				CLANG_WARN_RANGE_LOOP_ANALYSIS = YES;
				CLANG_WARN_STRICT_PROTOTYPES = YES;
				CLANG_WARN_SUSPICIOUS_MOVE = YES;
				CLANG_WARN_UNGUARDED_AVAILABILITY = YES_AGGRESSIVE;
				CLANG_WARN_UNREACHABLE_CODE = YES;
				CLANG_WARN__DUPLICATE_METHOD_MATCH = YES;
				CODE_SIGN_IDENTITY = "iPhone Developer";
				COPY_PHASE_STRIP = NO;
				DEBUG_INFORMATION_FORMAT = "dwarf-with-dsym";
				ENABLE_NS_ASSERTIONS = NO;
				ENABLE_STRICT_OBJC_MSGSEND = YES;
				GCC_C_LANGUAGE_STANDARD = gnu11;
				GCC_NO_COMMON_BLOCKS = YES;
				GCC_WARN_64_TO_32_BIT_CONVERSION = YES;
				GCC_WARN_ABOUT_RETURN_TYPE = YES_ERROR;
				GCC_WARN_UNDECLARED_SELECTOR = YES;
				GCC_WARN_UNINITIALIZED_AUTOS = YES_AGGRESSIVE;
				GCC_WARN_UNUSED_FUNCTION = YES;
				GCC_WARN_UNUSED_VARIABLE = YES;
				IPHONEOS_DEPLOYMENT_TARGET = 11.2;
				MTL_ENABLE_DEBUG_INFO = NO;
				SDKROOT = iphoneos;
				VALIDATE_PRODUCT = YES;
			};
			name = Release;
		};
		CAFBA10C2087C9C300B931B8 /* Debug */ = {
			isa = XCBuildConfiguration;
			buildSettings = {
				ASSETCATALOG_COMPILER_APPICON_NAME = AppIcon;
				CODE_SIGN_STYLE = Automatic;
				DEVELOPMENT_TEAM = N8EE67V363;
				INFOPLIST_FILE = "Entering a House/Info.plist";
				LD_RUNPATH_SEARCH_PATHS = "$(inherited) @executable_path/Frameworks";
				PRODUCT_BUNDLE_IDENTIFIER = "com.AleZ.Entering-a-House";
				PRODUCT_NAME = "$(TARGET_NAME)";
				TARGETED_DEVICE_FAMILY = "1,2";
			};
			name = Debug;
		};
		CAFBA10D2087C9C300B931B8 /* Release */ = {
			isa = XCBuildConfiguration;
			buildSettings = {
				ASSETCATALOG_COMPILER_APPICON_NAME = AppIcon;
				CODE_SIGN_STYLE = Automatic;
				DEVELOPMENT_TEAM = N8EE67V363;
				INFOPLIST_FILE = "Entering a House/Info.plist";
				LD_RUNPATH_SEARCH_PATHS = "$(inherited) @executable_path/Frameworks";
				PRODUCT_BUNDLE_IDENTIFIER = "com.AleZ.Entering-a-House";
				PRODUCT_NAME = "$(TARGET_NAME)";
				TARGETED_DEVICE_FAMILY = "1,2";
			};
			name = Release;
		};
/* End XCBuildConfiguration section */

/* Begin XCConfigurationList section */
		CAFBA0F02087C9C300B931B8 /* Build configuration list for PBXProject "Entering a House" */ = {
			isa = XCConfigurationList;
			buildConfigurations = (
				CAFBA1092087C9C300B931B8 /* Debug */,
				CAFBA10A2087C9C300B931B8 /* Release */,
			);
			defaultConfigurationIsVisible = 0;
			defaultConfigurationName = Release;
		};
		CAFBA10B2087C9C300B931B8 /* Build configuration list for PBXNativeTarget "Entering a House" */ = {
			isa = XCConfigurationList;
			buildConfigurations = (
				CAFBA10C2087C9C300B931B8 /* Debug */,
				CAFBA10D2087C9C300B931B8 /* Release */,
			);
			defaultConfigurationIsVisible = 0;
			defaultConfigurationName = Release;
		};
/* End XCConfigurationList section */
	};
	rootObject = CAFBA0ED2087C9C300B931B8 /* Project object */;
}
